// !$*UTF8*$!
{
	archiveVersion = 1;
	classes = {
	};
	objectVersion = 55;
	objects = {

/* Begin PBXBuildFile section */
		FC7103F52721C0C500434BD7 /* FinanceUnderControlApp.swift in Sources */ = {isa = PBXBuildFile; fileRef = FC7103F42721C0C500434BD7 /* FinanceUnderControlApp.swift */; };
		FC7103F72721C0C500434BD7 /* ContentView.swift in Sources */ = {isa = PBXBuildFile; fileRef = FC7103F62721C0C500434BD7 /* ContentView.swift */; };
		FC7103F92721C0C700434BD7 /* Assets.xcassets in Resources */ = {isa = PBXBuildFile; fileRef = FC7103F82721C0C700434BD7 /* Assets.xcassets */; };
		FC7103FC2721C0C700434BD7 /* Preview Assets.xcassets in Resources */ = {isa = PBXBuildFile; fileRef = FC7103FB2721C0C700434BD7 /* Preview Assets.xcassets */; };
		FC7104062721C0C700434BD7 /* FinanceUnderControlTests.swift in Sources */ = {isa = PBXBuildFile; fileRef = FC7104052721C0C700434BD7 /* FinanceUnderControlTests.swift */; };
		FC7104102721C0C800434BD7 /* FinanceUnderControlUITests.swift in Sources */ = {isa = PBXBuildFile; fileRef = FC71040F2721C0C800434BD7 /* FinanceUnderControlUITests.swift */; };
		FC7104122721C0C800434BD7 /* FinanceUnderControlUITestsLaunchTests.swift in Sources */ = {isa = PBXBuildFile; fileRef = FC7104112721C0C800434BD7 /* FinanceUnderControlUITestsLaunchTests.swift */; };
/* End PBXBuildFile section */

/* Begin PBXContainerItemProxy section */
		FC7104022721C0C700434BD7 /* PBXContainerItemProxy */ = {
			isa = PBXContainerItemProxy;
			containerPortal = FC7103E92721C0C500434BD7 /* Project object */;
			proxyType = 1;
			remoteGlobalIDString = FC7103F02721C0C500434BD7;
			remoteInfo = FinanceUnderControl;
		};
		FC71040C2721C0C700434BD7 /* PBXContainerItemProxy */ = {
			isa = PBXContainerItemProxy;
			containerPortal = FC7103E92721C0C500434BD7 /* Project object */;
			proxyType = 1;
			remoteGlobalIDString = FC7103F02721C0C500434BD7;
			remoteInfo = FinanceUnderControl;
		};
/* End PBXContainerItemProxy section */

/* Begin PBXFileReference section */
		FC7103F12721C0C500434BD7 /* FinanceUnderControl.app */ = {isa = PBXFileReference; explicitFileType = wrapper.application; includeInIndex = 0; path = FinanceUnderControl.app; sourceTree = BUILT_PRODUCTS_DIR; };
		FC7103F42721C0C500434BD7 /* FinanceUnderControlApp.swift */ = {isa = PBXFileReference; lastKnownFileType = sourcecode.swift; path = FinanceUnderControlApp.swift; sourceTree = "<group>"; };
		FC7103F62721C0C500434BD7 /* ContentView.swift */ = {isa = PBXFileReference; lastKnownFileType = sourcecode.swift; path = ContentView.swift; sourceTree = "<group>"; };
		FC7103F82721C0C700434BD7 /* Assets.xcassets */ = {isa = PBXFileReference; lastKnownFileType = folder.assetcatalog; path = Assets.xcassets; sourceTree = "<group>"; };
		FC7103FB2721C0C700434BD7 /* Preview Assets.xcassets */ = {isa = PBXFileReference; lastKnownFileType = folder.assetcatalog; path = "Preview Assets.xcassets"; sourceTree = "<group>"; };
		FC7104012721C0C700434BD7 /* FinanceUnderControlTests.xctest */ = {isa = PBXFileReference; explicitFileType = wrapper.cfbundle; includeInIndex = 0; path = FinanceUnderControlTests.xctest; sourceTree = BUILT_PRODUCTS_DIR; };
		FC7104052721C0C700434BD7 /* FinanceUnderControlTests.swift */ = {isa = PBXFileReference; lastKnownFileType = sourcecode.swift; path = FinanceUnderControlTests.swift; sourceTree = "<group>"; };
		FC71040B2721C0C700434BD7 /* FinanceUnderControlUITests.xctest */ = {isa = PBXFileReference; explicitFileType = wrapper.cfbundle; includeInIndex = 0; path = FinanceUnderControlUITests.xctest; sourceTree = BUILT_PRODUCTS_DIR; };
		FC71040F2721C0C800434BD7 /* FinanceUnderControlUITests.swift */ = {isa = PBXFileReference; lastKnownFileType = sourcecode.swift; path = FinanceUnderControlUITests.swift; sourceTree = "<group>"; };
		FC7104112721C0C800434BD7 /* FinanceUnderControlUITestsLaunchTests.swift */ = {isa = PBXFileReference; lastKnownFileType = sourcecode.swift; path = FinanceUnderControlUITestsLaunchTests.swift; sourceTree = "<group>"; };
/* End PBXFileReference section */

/* Begin PBXFrameworksBuildPhase section */
		FC7103EE2721C0C500434BD7 /* Frameworks */ = {
			isa = PBXFrameworksBuildPhase;
			buildActionMask = 2147483647;
			files = (
			);
			runOnlyForDeploymentPostprocessing = 0;
		};
		FC7103FE2721C0C700434BD7 /* Frameworks */ = {
			isa = PBXFrameworksBuildPhase;
			buildActionMask = 2147483647;
			files = (
			);
			runOnlyForDeploymentPostprocessing = 0;
		};
		FC7104082721C0C700434BD7 /* Frameworks */ = {
			isa = PBXFrameworksBuildPhase;
			buildActionMask = 2147483647;
			files = (
			);
			runOnlyForDeploymentPostprocessing = 0;
		};
/* End PBXFrameworksBuildPhase section */

/* Begin PBXGroup section */
		FC7103E82721C0C500434BD7 = {
			isa = PBXGroup;
			children = (
				FC7103F32721C0C500434BD7 /* FinanceUnderControl */,
				FC7104042721C0C700434BD7 /* FinanceUnderControlTests */,
				FC71040E2721C0C700434BD7 /* FinanceUnderControlUITests */,
				FC7103F22721C0C500434BD7 /* Products */,
			);
			sourceTree = "<group>";
		};
		FC7103F22721C0C500434BD7 /* Products */ = {
			isa = PBXGroup;
			children = (
				FC7103F12721C0C500434BD7 /* FinanceUnderControl.app */,
				FC7104012721C0C700434BD7 /* FinanceUnderControlTests.xctest */,
				FC71040B2721C0C700434BD7 /* FinanceUnderControlUITests.xctest */,
			);
			name = Products;
			sourceTree = "<group>";
		};
		FC7103F32721C0C500434BD7 /* FinanceUnderControl */ = {
			isa = PBXGroup;
			children = (
				FC7103F42721C0C500434BD7 /* FinanceUnderControlApp.swift */,
				FC7103F62721C0C500434BD7 /* ContentView.swift */,
				FC7103F82721C0C700434BD7 /* Assets.xcassets */,
				FC7103FA2721C0C700434BD7 /* Preview Content */,
			);
			path = FinanceUnderControl;
			sourceTree = "<group>";
		};
		FC7103FA2721C0C700434BD7 /* Preview Content */ = {
			isa = PBXGroup;
			children = (
				FC7103FB2721C0C700434BD7 /* Preview Assets.xcassets */,
			);
			path = "Preview Content";
			sourceTree = "<group>";
		};
		FC7104042721C0C700434BD7 /* FinanceUnderControlTests */ = {
			isa = PBXGroup;
			children = (
				FC7104052721C0C700434BD7 /* FinanceUnderControlTests.swift */,
			);
			path = FinanceUnderControlTests;
			sourceTree = "<group>";
		};
		FC71040E2721C0C700434BD7 /* FinanceUnderControlUITests */ = {
			isa = PBXGroup;
			children = (
				FC71040F2721C0C800434BD7 /* FinanceUnderControlUITests.swift */,
				FC7104112721C0C800434BD7 /* FinanceUnderControlUITestsLaunchTests.swift */,
			);
			path = FinanceUnderControlUITests;
			sourceTree = "<group>";
		};
/* End PBXGroup section */

/* Begin PBXNativeTarget section */
		FC7103F02721C0C500434BD7 /* FinanceUnderControl */ = {
			isa = PBXNativeTarget;
			buildConfigurationList = FC7104152721C0C800434BD7 /* Build configuration list for PBXNativeTarget "FinanceUnderControl" */;
			buildPhases = (
				FC7103ED2721C0C500434BD7 /* Sources */,
				FC7103EE2721C0C500434BD7 /* Frameworks */,
				FC7103EF2721C0C500434BD7 /* Resources */,
			);
			buildRules = (
			);
			dependencies = (
			);
			name = FinanceUnderControl;
			productName = FinanceUnderControl;
			productReference = FC7103F12721C0C500434BD7 /* FinanceUnderControl.app */;
			productType = "com.apple.product-type.application";
		};
		FC7104002721C0C700434BD7 /* FinanceUnderControlTests */ = {
			isa = PBXNativeTarget;
			buildConfigurationList = FC7104182721C0C800434BD7 /* Build configuration list for PBXNativeTarget "FinanceUnderControlTests" */;
			buildPhases = (
				FC7103FD2721C0C700434BD7 /* Sources */,
				FC7103FE2721C0C700434BD7 /* Frameworks */,
				FC7103FF2721C0C700434BD7 /* Resources */,
			);
			buildRules = (
			);
			dependencies = (
				FC7104032721C0C700434BD7 /* PBXTargetDependency */,
			);
			name = FinanceUnderControlTests;
			productName = FinanceUnderControlTests;
			productReference = FC7104012721C0C700434BD7 /* FinanceUnderControlTests.xctest */;
			productType = "com.apple.product-type.bundle.unit-test";
		};
		FC71040A2721C0C700434BD7 /* FinanceUnderControlUITests */ = {
			isa = PBXNativeTarget;
			buildConfigurationList = FC71041B2721C0C800434BD7 /* Build configuration list for PBXNativeTarget "FinanceUnderControlUITests" */;
			buildPhases = (
				FC7104072721C0C700434BD7 /* Sources */,
				FC7104082721C0C700434BD7 /* Frameworks */,
				FC7104092721C0C700434BD7 /* Resources */,
			);
			buildRules = (
			);
			dependencies = (
				FC71040D2721C0C700434BD7 /* PBXTargetDependency */,
			);
			name = FinanceUnderControlUITests;
			productName = FinanceUnderControlUITests;
			productReference = FC71040B2721C0C700434BD7 /* FinanceUnderControlUITests.xctest */;
			productType = "com.apple.product-type.bundle.ui-testing";
		};
/* End PBXNativeTarget section */

/* Begin PBXProject section */
		FC7103E92721C0C500434BD7 /* Project object */ = {
			isa = PBXProject;
			attributes = {
				BuildIndependentTargetsInParallel = 1;
				LastSwiftUpdateCheck = 1300;
				LastUpgradeCheck = 1300;
				TargetAttributes = {
					FC7103F02721C0C500434BD7 = {
						CreatedOnToolsVersion = 13.0;
					};
					FC7104002721C0C700434BD7 = {
						CreatedOnToolsVersion = 13.0;
						TestTargetID = FC7103F02721C0C500434BD7;
					};
					FC71040A2721C0C700434BD7 = {
						CreatedOnToolsVersion = 13.0;
						TestTargetID = FC7103F02721C0C500434BD7;
					};
				};
			};
			buildConfigurationList = FC7103EC2721C0C500434BD7 /* Build configuration list for PBXProject "FinanceUnderControl" */;
			compatibilityVersion = "Xcode 13.0";
			developmentRegion = en;
			hasScannedForEncodings = 0;
			knownRegions = (
				en,
				Base,
			);
			mainGroup = FC7103E82721C0C500434BD7;
			productRefGroup = FC7103F22721C0C500434BD7 /* Products */;
			projectDirPath = "";
			projectRoot = "";
			targets = (
				FC7103F02721C0C500434BD7 /* FinanceUnderControl */,
				FC7104002721C0C700434BD7 /* FinanceUnderControlTests */,
				FC71040A2721C0C700434BD7 /* FinanceUnderControlUITests */,
			);
		};
/* End PBXProject section */

/* Begin PBXResourcesBuildPhase section */
		FC7103EF2721C0C500434BD7 /* Resources */ = {
			isa = PBXResourcesBuildPhase;
			buildActionMask = 2147483647;
			files = (
				FC7103FC2721C0C700434BD7 /* Preview Assets.xcassets in Resources */,
				FC7103F92721C0C700434BD7 /* Assets.xcassets in Resources */,
			);
			runOnlyForDeploymentPostprocessing = 0;
		};
		FC7103FF2721C0C700434BD7 /* Resources */ = {
			isa = PBXResourcesBuildPhase;
			buildActionMask = 2147483647;
			files = (
			);
			runOnlyForDeploymentPostprocessing = 0;
		};
		FC7104092721C0C700434BD7 /* Resources */ = {
			isa = PBXResourcesBuildPhase;
			buildActionMask = 2147483647;
			files = (
			);
			runOnlyForDeploymentPostprocessing = 0;
		};
/* End PBXResourcesBuildPhase section */

/* Begin PBXSourcesBuildPhase section */
		FC7103ED2721C0C500434BD7 /* Sources */ = {
			isa = PBXSourcesBuildPhase;
			buildActionMask = 2147483647;
			files = (
				FC7103F72721C0C500434BD7 /* ContentView.swift in Sources */,
				FC7103F52721C0C500434BD7 /* FinanceUnderControlApp.swift in Sources */,
			);
			runOnlyForDeploymentPostprocessing = 0;
		};
		FC7103FD2721C0C700434BD7 /* Sources */ = {
			isa = PBXSourcesBuildPhase;
			buildActionMask = 2147483647;
			files = (
				FC7104062721C0C700434BD7 /* FinanceUnderControlTests.swift in Sources */,
			);
			runOnlyForDeploymentPostprocessing = 0;
		};
		FC7104072721C0C700434BD7 /* Sources */ = {
			isa = PBXSourcesBuildPhase;
			buildActionMask = 2147483647;
			files = (
				FC7104122721C0C800434BD7 /* FinanceUnderControlUITestsLaunchTests.swift in Sources */,
				FC7104102721C0C800434BD7 /* FinanceUnderControlUITests.swift in Sources */,
			);
			runOnlyForDeploymentPostprocessing = 0;
		};
/* End PBXSourcesBuildPhase section */

/* Begin PBXTargetDependency section */
		FC7104032721C0C700434BD7 /* PBXTargetDependency */ = {
			isa = PBXTargetDependency;
			target = FC7103F02721C0C500434BD7 /* FinanceUnderControl */;
			targetProxy = FC7104022721C0C700434BD7 /* PBXContainerItemProxy */;
		};
		FC71040D2721C0C700434BD7 /* PBXTargetDependency */ = {
			isa = PBXTargetDependency;
			target = FC7103F02721C0C500434BD7 /* FinanceUnderControl */;
			targetProxy = FC71040C2721C0C700434BD7 /* PBXContainerItemProxy */;
		};
/* End PBXTargetDependency section */

/* Begin XCBuildConfiguration section */
		FC7104132721C0C800434BD7 /* Debug */ = {
			isa = XCBuildConfiguration;
			buildSettings = {
				ALWAYS_SEARCH_USER_PATHS = NO;
				CLANG_ANALYZER_NONNULL = YES;
				CLANG_ANALYZER_NUMBER_OBJECT_CONVERSION = YES_AGGRESSIVE;
				CLANG_CXX_LANGUAGE_STANDARD = "gnu++17";
				CLANG_CXX_LIBRARY = "libc++";
				CLANG_ENABLE_MODULES = YES;
				CLANG_ENABLE_OBJC_ARC = YES;
				CLANG_ENABLE_OBJC_WEAK = YES;
				CLANG_WARN_BLOCK_CAPTURE_AUTORELEASING = YES;
				CLANG_WARN_BOOL_CONVERSION = YES;
				CLANG_WARN_COMMA = YES;
				CLANG_WARN_CONSTANT_CONVERSION = YES;
				CLANG_WARN_DEPRECATED_OBJC_IMPLEMENTATIONS = YES;
				CLANG_WARN_DIRECT_OBJC_ISA_USAGE = YES_ERROR;
				CLANG_WARN_DOCUMENTATION_COMMENTS = YES;
				CLANG_WARN_EMPTY_BODY = YES;
				CLANG_WARN_ENUM_CONVERSION = YES;
				CLANG_WARN_INFINITE_RECURSION = YES;
				CLANG_WARN_INT_CONVERSION = YES;
				CLANG_WARN_NON_LITERAL_NULL_CONVERSION = YES;
				CLANG_WARN_OBJC_IMPLICIT_RETAIN_SELF = YES;
				CLANG_WARN_OBJC_LITERAL_CONVERSION = YES;
				CLANG_WARN_OBJC_ROOT_CLASS = YES_ERROR;
				CLANG_WARN_QUOTED_INCLUDE_IN_FRAMEWORK_HEADER = YES;
				CLANG_WARN_RANGE_LOOP_ANALYSIS = YES;
				CLANG_WARN_STRICT_PROTOTYPES = YES;
				CLANG_WARN_SUSPICIOUS_MOVE = YES;
				CLANG_WARN_UNGUARDED_AVAILABILITY = YES_AGGRESSIVE;
				CLANG_WARN_UNREACHABLE_CODE = YES;
				CLANG_WARN__DUPLICATE_METHOD_MATCH = YES;
				COPY_PHASE_STRIP = NO;
				DEBUG_INFORMATION_FORMAT = dwarf;
				ENABLE_STRICT_OBJC_MSGSEND = YES;
				ENABLE_TESTABILITY = YES;
				GCC_C_LANGUAGE_STANDARD = gnu11;
				GCC_DYNAMIC_NO_PIC = NO;
				GCC_NO_COMMON_BLOCKS = YES;
				GCC_OPTIMIZATION_LEVEL = 0;
				GCC_PREPROCESSOR_DEFINITIONS = (
					"DEBUG=1",
					"$(inherited)",
				);
				GCC_WARN_64_TO_32_BIT_CONVERSION = YES;
				GCC_WARN_ABOUT_RETURN_TYPE = YES_ERROR;
				GCC_WARN_UNDECLARED_SELECTOR = YES;
				GCC_WARN_UNINITIALIZED_AUTOS = YES_AGGRESSIVE;
				GCC_WARN_UNUSED_FUNCTION = YES;
				GCC_WARN_UNUSED_VARIABLE = YES;
				IPHONEOS_DEPLOYMENT_TARGET = 15.0;
				MTL_ENABLE_DEBUG_INFO = INCLUDE_SOURCE;
				MTL_FAST_MATH = YES;
				ONLY_ACTIVE_ARCH = YES;
				SDKROOT = iphoneos;
				SWIFT_ACTIVE_COMPILATION_CONDITIONS = DEBUG;
				SWIFT_OPTIMIZATION_LEVEL = "-Onone";
			};
			name = Debug;
		};
		FC7104142721C0C800434BD7 /* Release */ = {
			isa = XCBuildConfiguration;
			buildSettings = {
				ALWAYS_SEARCH_USER_PATHS = NO;
				CLANG_ANALYZER_NONNULL = YES;
				CLANG_ANALYZER_NUMBER_OBJECT_CONVERSION = YES_AGGRESSIVE;
				CLANG_CXX_LANGUAGE_STANDARD = "gnu++17";
				CLANG_CXX_LIBRARY = "libc++";
				CLANG_ENABLE_MODULES = YES;
				CLANG_ENABLE_OBJC_ARC = YES;
				CLANG_ENABLE_OBJC_WEAK = YES;
				CLANG_WARN_BLOCK_CAPTURE_AUTORELEASING = YES;
				CLANG_WARN_BOOL_CONVERSION = YES;
				CLANG_WARN_COMMA = YES;
				CLANG_WARN_CONSTANT_CONVERSION = YES;
				CLANG_WARN_DEPRECATED_OBJC_IMPLEMENTATIONS = YES;
				CLANG_WARN_DIRECT_OBJC_ISA_USAGE = YES_ERROR;
				CLANG_WARN_DOCUMENTATION_COMMENTS = YES;
				CLANG_WARN_EMPTY_BODY = YES;
				CLANG_WARN_ENUM_CONVERSION = YES;
				CLANG_WARN_INFINITE_RECURSION = YES;
				CLANG_WARN_INT_CONVERSION = YES;
				CLANG_WARN_NON_LITERAL_NULL_CONVERSION = YES;
				CLANG_WARN_OBJC_IMPLICIT_RETAIN_SELF = YES;
				CLANG_WARN_OBJC_LITERAL_CONVERSION = YES;
				CLANG_WARN_OBJC_ROOT_CLASS = YES_ERROR;
				CLANG_WARN_QUOTED_INCLUDE_IN_FRAMEWORK_HEADER = YES;
				CLANG_WARN_RANGE_LOOP_ANALYSIS = YES;
				CLANG_WARN_STRICT_PROTOTYPES = YES;
				CLANG_WARN_SUSPICIOUS_MOVE = YES;
				CLANG_WARN_UNGUARDED_AVAILABILITY = YES_AGGRESSIVE;
				CLANG_WARN_UNREACHABLE_CODE = YES;
				CLANG_WARN__DUPLICATE_METHOD_MATCH = YES;
				COPY_PHASE_STRIP = NO;
				DEBUG_INFORMATION_FORMAT = "dwarf-with-dsym";
				ENABLE_NS_ASSERTIONS = NO;
				ENABLE_STRICT_OBJC_MSGSEND = YES;
				GCC_C_LANGUAGE_STANDARD = gnu11;
				GCC_NO_COMMON_BLOCKS = YES;
				GCC_WARN_64_TO_32_BIT_CONVERSION = YES;
				GCC_WARN_ABOUT_RETURN_TYPE = YES_ERROR;
				GCC_WARN_UNDECLARED_SELECTOR = YES;
				GCC_WARN_UNINITIALIZED_AUTOS = YES_AGGRESSIVE;
				GCC_WARN_UNUSED_FUNCTION = YES;
				GCC_WARN_UNUSED_VARIABLE = YES;
				IPHONEOS_DEPLOYMENT_TARGET = 15.0;
				MTL_ENABLE_DEBUG_INFO = NO;
				MTL_FAST_MATH = YES;
				SDKROOT = iphoneos;
				SWIFT_COMPILATION_MODE = wholemodule;
				SWIFT_OPTIMIZATION_LEVEL = "-O";
				VALIDATE_PRODUCT = YES;
			};
			name = Release;
		};
		FC7104162721C0C800434BD7 /* Debug */ = {
			isa = XCBuildConfiguration;
			buildSettings = {
				ASSETCATALOG_COMPILER_APPICON_NAME = AppIcon;
				ASSETCATALOG_COMPILER_GLOBAL_ACCENT_COLOR_NAME = AccentColor;
				CODE_SIGN_STYLE = Automatic;
				CURRENT_PROJECT_VERSION = 1;
				DEVELOPMENT_ASSET_PATHS = "\"FinanceUnderControl/Preview Content\"";
				DEVELOPMENT_TEAM = 7TDCFNV5T6;
				ENABLE_PREVIEWS = YES;
				GENERATE_INFOPLIST_FILE = YES;
				INFOPLIST_KEY_UIApplicationSceneManifest_Generation = YES;
				INFOPLIST_KEY_UIApplicationSupportsIndirectInputEvents = YES;
				INFOPLIST_KEY_UILaunchScreen_Generation = YES;
				INFOPLIST_KEY_UISupportedInterfaceOrientations_iPad = "UIInterfaceOrientationPortrait UIInterfaceOrientationPortraitUpsideDown UIInterfaceOrientationLandscapeLeft UIInterfaceOrientationLandscapeRight";
				INFOPLIST_KEY_UISupportedInterfaceOrientations_iPhone = "UIInterfaceOrientationPortrait UIInterfaceOrientationLandscapeLeft UIInterfaceOrientationLandscapeRight";
				IPHONEOS_DEPLOYMENT_TARGET = 14.0;
				LD_RUNPATH_SEARCH_PATHS = (
					"$(inherited)",
					"@executable_path/Frameworks",
				);
				MARKETING_VERSION = 1.0;
				PRODUCT_BUNDLE_IDENTIFIER = "sebastian-staszczyk.FinanceUnderControl";
				PRODUCT_NAME = "$(TARGET_NAME)";
				SWIFT_EMIT_LOC_STRINGS = YES;
				SWIFT_VERSION = 5.0;
				TARGETED_DEVICE_FAMILY = "1,2";
			};
			name = Debug;
		};
		FC7104172721C0C800434BD7 /* Release */ = {
			isa = XCBuildConfiguration;
			buildSettings = {
				ASSETCATALOG_COMPILER_APPICON_NAME = AppIcon;
				ASSETCATALOG_COMPILER_GLOBAL_ACCENT_COLOR_NAME = AccentColor;
				CODE_SIGN_STYLE = Automatic;
				CURRENT_PROJECT_VERSION = 1;
				DEVELOPMENT_ASSET_PATHS = "\"FinanceUnderControl/Preview Content\"";
				DEVELOPMENT_TEAM = 7TDCFNV5T6;
				ENABLE_PREVIEWS = YES;
				GENERATE_INFOPLIST_FILE = YES;
				INFOPLIST_KEY_UIApplicationSceneManifest_Generation = YES;
				INFOPLIST_KEY_UIApplicationSupportsIndirectInputEvents = YES;
				INFOPLIST_KEY_UILaunchScreen_Generation = YES;
				INFOPLIST_KEY_UISupportedInterfaceOrientations_iPad = "UIInterfaceOrientationPortrait UIInterfaceOrientationPortraitUpsideDown UIInterfaceOrientationLandscapeLeft UIInterfaceOrientationLandscapeRight";
				INFOPLIST_KEY_UISupportedInterfaceOrientations_iPhone = "UIInterfaceOrientationPortrait UIInterfaceOrientationLandscapeLeft UIInterfaceOrientationLandscapeRight";
				IPHONEOS_DEPLOYMENT_TARGET = 14.0;
				LD_RUNPATH_SEARCH_PATHS = (
					"$(inherited)",
					"@executable_path/Frameworks",
				);
				MARKETING_VERSION = 1.0;
				PRODUCT_BUNDLE_IDENTIFIER = "sebastian-staszczyk.FinanceUnderControl";
				PRODUCT_NAME = "$(TARGET_NAME)";
				SWIFT_EMIT_LOC_STRINGS = YES;
				SWIFT_VERSION = 5.0;
				TARGETED_DEVICE_FAMILY = "1,2";
			};
			name = Release;
		};
		FC7104192721C0C800434BD7 /* Debug */ = {
			isa = XCBuildConfiguration;
			buildSettings = {
				ALWAYS_EMBED_SWIFT_STANDARD_LIBRARIES = YES;
				BUNDLE_LOADER = "$(TEST_HOST)";
				CODE_SIGN_STYLE = Automatic;
				CURRENT_PROJECT_VERSION = 1;
				DEVELOPMENT_TEAM = 7TDCFNV5T6;
				GENERATE_INFOPLIST_FILE = YES;
				IPHONEOS_DEPLOYMENT_TARGET = 14.0;
				LD_RUNPATH_SEARCH_PATHS = (
					"$(inherited)",
					"@executable_path/Frameworks",
					"@loader_path/Frameworks",
				);
				MARKETING_VERSION = 1.0;
				PRODUCT_BUNDLE_IDENTIFIER = "sebastian-staszczyk.FinanceUnderControlTests";
				PRODUCT_NAME = "$(TARGET_NAME)";
				SWIFT_EMIT_LOC_STRINGS = NO;
				SWIFT_VERSION = 5.0;
				TARGETED_DEVICE_FAMILY = "1,2";
				TEST_HOST = "$(BUILT_PRODUCTS_DIR)/FinanceUnderControl.app/FinanceUnderControl";
			};
			name = Debug;
		};
		FC71041A2721C0C800434BD7 /* Release */ = {
			isa = XCBuildConfiguration;
			buildSettings = {
				ALWAYS_EMBED_SWIFT_STANDARD_LIBRARIES = YES;
				BUNDLE_LOADER = "$(TEST_HOST)";
				CODE_SIGN_STYLE = Automatic;
				CURRENT_PROJECT_VERSION = 1;
				DEVELOPMENT_TEAM = 7TDCFNV5T6;
				GENERATE_INFOPLIST_FILE = YES;
				IPHONEOS_DEPLOYMENT_TARGET = 14.0;
				LD_RUNPATH_SEARCH_PATHS = (
					"$(inherited)",
					"@executable_path/Frameworks",
					"@loader_path/Frameworks",
				);
				MARKETING_VERSION = 1.0;
				PRODUCT_BUNDLE_IDENTIFIER = "sebastian-staszczyk.FinanceUnderControlTests";
				PRODUCT_NAME = "$(TARGET_NAME)";
				SWIFT_EMIT_LOC_STRINGS = NO;
				SWIFT_VERSION = 5.0;
				TARGETED_DEVICE_FAMILY = "1,2";
				TEST_HOST = "$(BUILT_PRODUCTS_DIR)/FinanceUnderControl.app/FinanceUnderControl";
			};
			name = Release;
		};
		FC71041C2721C0C800434BD7 /* Debug */ = {
			isa = XCBuildConfiguration;
			buildSettings = {
				ALWAYS_EMBED_SWIFT_STANDARD_LIBRARIES = YES;
				CODE_SIGN_STYLE = Automatic;
				CURRENT_PROJECT_VERSION = 1;
				DEVELOPMENT_TEAM = 7TDCFNV5T6;
				GENERATE_INFOPLIST_FILE = YES;
				LD_RUNPATH_SEARCH_PATHS = (
					"$(inherited)",
					"@executable_path/Frameworks",
					"@loader_path/Frameworks",
				);
				MARKETING_VERSION = 1.0;
				PRODUCT_BUNDLE_IDENTIFIER = "sebastian-staszczyk.FinanceUnderControlUITests";
				PRODUCT_NAME = "$(TARGET_NAME)";
				SWIFT_EMIT_LOC_STRINGS = NO;
				SWIFT_VERSION = 5.0;
				TARGETED_DEVICE_FAMILY = "1,2";
				TEST_TARGET_NAME = FinanceUnderControl;
			};
			name = Debug;
		};
		FC71041D2721C0C800434BD7 /* Release */ = {
			isa = XCBuildConfiguration;
			buildSettings = {
				ALWAYS_EMBED_SWIFT_STANDARD_LIBRARIES = YES;
				CODE_SIGN_STYLE = Automatic;
				CURRENT_PROJECT_VERSION = 1;
				DEVELOPMENT_TEAM = 7TDCFNV5T6;
				GENERATE_INFOPLIST_FILE = YES;
				LD_RUNPATH_SEARCH_PATHS = (
					"$(inherited)",
					"@executable_path/Frameworks",
					"@loader_path/Frameworks",
				);
				MARKETING_VERSION = 1.0;
				PRODUCT_BUNDLE_IDENTIFIER = "sebastian-staszczyk.FinanceUnderControlUITests";
				PRODUCT_NAME = "$(TARGET_NAME)";
				SWIFT_EMIT_LOC_STRINGS = NO;
				SWIFT_VERSION = 5.0;
				TARGETED_DEVICE_FAMILY = "1,2";
				TEST_TARGET_NAME = FinanceUnderControl;
			};
			name = Release;
		};
/* End XCBuildConfiguration section */

/* Begin XCConfigurationList section */
		FC7103EC2721C0C500434BD7 /* Build configuration list for PBXProject "FinanceUnderControl" */ = {
			isa = XCConfigurationList;
			buildConfigurations = (
				FC7104132721C0C800434BD7 /* Debug */,
				FC7104142721C0C800434BD7 /* Release */,
			);
			defaultConfigurationIsVisible = 0;
			defaultConfigurationName = Release;
		};
		FC7104152721C0C800434BD7 /* Build configuration list for PBXNativeTarget "FinanceUnderControl" */ = {
			isa = XCConfigurationList;
			buildConfigurations = (
				FC7104162721C0C800434BD7 /* Debug */,
				FC7104172721C0C800434BD7 /* Release */,
			);
			defaultConfigurationIsVisible = 0;
			defaultConfigurationName = Release;
		};
		FC7104182721C0C800434BD7 /* Build configuration list for PBXNativeTarget "FinanceUnderControlTests" */ = {
			isa = XCConfigurationList;
			buildConfigurations = (
				FC7104192721C0C800434BD7 /* Debug */,
				FC71041A2721C0C800434BD7 /* Release */,
			);
			defaultConfigurationIsVisible = 0;
			defaultConfigurationName = Release;
		};
		FC71041B2721C0C800434BD7 /* Build configuration list for PBXNativeTarget "FinanceUnderControlUITests" */ = {
			isa = XCConfigurationList;
			buildConfigurations = (
				FC71041C2721C0C800434BD7 /* Debug */,
				FC71041D2721C0C800434BD7 /* Release */,
			);
			defaultConfigurationIsVisible = 0;
			defaultConfigurationName = Release;
		};
/* End XCConfigurationList section */
	};
	rootObject = FC7103E92721C0C500434BD7 /* Project object */;
}
